
Microsoft Visual Studio Solution File, Format Version 12.00
# Visual Studio Version 16
VisualStudioVersion = 16.0.30011.22
MinimumVisualStudioVersion = 10.0.40219.1
Project("{FAE04EC0-301F-11D3-BF4B-00C04F79EFBC}") = "GiftreteWebProject", "GiftreteWebProject.csproj", "{0C879EBE-C075-4AFB-98D8-FA942F74ACB9}"
EndProject
Global
	GlobalSection(SolutionConfigurationPlatforms) = preSolution
		Debug|Any CPU = Debug|Any CPU
		Release|Any CPU = Release|Any CPU
	EndGlobalSection
	GlobalSection(ProjectConfigurationPlatforms) = postSolution
		{0C879EBE-C075-4AFB-98D8-FA942F74ACB9}.Debug|Any CPU.ActiveCfg = Debug|Any CPU
		{0C879EBE-C075-4AFB-98D8-FA942F74ACB9}.Debug|Any CPU.Build.0 = Debug|Any CPU
		{0C879EBE-C075-4AFB-98D8-FA942F74ACB9}.Release|Any CPU.ActiveCfg = Release|Any CPU
		{0C879EBE-C075-4AFB-98D8-FA942F74ACB9}.Release|Any CPU.Build.0 = Release|Any CPU
	EndGlobalSection
	GlobalSection(SolutionProperties) = preSolution
		HideSolutionNode = FALSE
	EndGlobalSection
	GlobalSection(ExtensibilityGlobals) = postSolution
		SolutionGuid = {91BD2615-CC62-442E-8C3B-D95DD326931C}
	EndGlobalSection
EndGlobal
